<?xml version="1.0" encoding="utf-8"?>
<Project ToolsVersion="4.0" xmlns="http://schemas.microsoft.com/developer/msbuild/2003">
  <ItemGroup>
    <ClCompile Include="Bank.ixx" />
    <ClCompile Include="Card.ixx" />
    <ClCompile Include="CoinWorthType.ixx" />
    <ClCompile Include="ColorType.ixx" />
    <ClCompile Include="ICard.ixx" />
    <ClCompile Include="LinkingSymbolType.ixx" />
    <ClCompile Include="ResourceType.ixx" />
    <ClCompile Include="Token.ixx" />
    <ClCompile Include="TradeRuleType.ixx" />
    <ClCompile Include="Player.ixx" />
    <ClCompile Include="Wonder.ixx" />
    <ClCompile Include="Age.ixx" />
    <ClCompile Include="GuildCard.ixx" />
  </ItemGroup>
  <ItemGroup>
    <None Include="Wonders.csv" />
    <None Include="AgeCards.csv" />
    <None Include="Tokens.csv" />
  </ItemGroup>
</Project>